
Microsoft Visual Studio Solution File, Format Version 12.00
# Visual Studio 14
VisualStudioVersion = 14.0.25123.0
MinimumVisualStudioVersion = 10.0.40219.1
Project("{9F4FE77D-A5B0-4F82-A056-9DF2654933A7}") = "Sitecore.Support.177441", "Sitecore.Support.177441\Sitecore.Support.177441.csproj", "{F43467C3-245E-45CC-A15D-A5B4CE681DDA}"
EndProject
Global
	GlobalSection(SolutionConfigurationPlatforms) = preSolution
		Debug|Any CPU = Debug|Any CPU
		Release|Any CPU = Release|Any CPU
	EndGlobalSection
	GlobalSection(ProjectConfigurationPlatforms) = postSolution
		{F43467C3-245E-45CC-A15D-A5B4CE681DDA}.Debug|Any CPU.ActiveCfg = Debug|Any CPU
		{F43467C3-245E-45CC-A15D-A5B4CE681DDA}.Debug|Any CPU.Build.0 = Debug|Any CPU
		{F43467C3-245E-45CC-A15D-A5B4CE681DDA}.Release|Any CPU.ActiveCfg = Release|Any CPU
		{F43467C3-245E-45CC-A15D-A5B4CE681DDA}.Release|Any CPU.Build.0 = Release|Any CPU
	EndGlobalSection
	GlobalSection(SolutionProperties) = preSolution
		HideSolutionNode = FALSE
	EndGlobalSection
EndGlobal
